// !$*UTF8*$!
{
	archiveVersion = 1;
	classes = {
	};
	objectVersion = 46;
	objects = {

/* Begin PBXBuildFile section */
		272C52971B27BF72007CC3EA /* main.c in Sources */ = {isa = PBXBuildFile; fileRef = 272C52961B27BF72007CC3EA /* main.c */; };
/* End PBXBuildFile section */

/* Begin PBXCopyFilesBuildPhase section */
		272C52911B27BF72007CC3EA /* CopyFiles */ = {
			isa = PBXCopyFilesBuildPhase;
			buildActionMask = 2147483647;
			dstPath = /usr/share/man/man1/;
			dstSubfolderSpec = 0;
			files = (
			);
			runOnlyForDeploymentPostprocessing = 1;
		};
/* End PBXCopyFilesBuildPhase section */

/* Begin PBXFileReference section */
		272C52931B27BF72007CC3EA /* Poppin Bottles */ = {isa = PBXFileReference; explicitFileType = "compiled.mach-o.executable"; includeInIndex = 0; path = "Poppin Bottles"; sourceTree = BUILT_PRODUCTS_DIR; };
		272C52961B27BF72007CC3EA /* main.c */ = {isa = PBXFileReference; lastKnownFileType = sourcecode.c.c; path = main.c; sourceTree = "<group>"; };
/* End PBXFileReference section */

/* Begin PBXFrameworksBuildPhase section */
		272C52901B27BF72007CC3EA /* Frameworks */ = {
			isa = PBXFrameworksBuildPhase;
			buildActionMask = 2147483647;
			files = (
			);
			runOnlyForDeploymentPostprocessing = 0;
		};
/* End PBXFrameworksBuildPhase section */

/* Begin PBXGroup section */
		272C528A1B27BF72007CC3EA = {
			isa = PBXGroup;
			children = (
				272C52951B27BF72007CC3EA /* Poppin Bottles */,
				272C52941B27BF72007CC3EA /* Products */,
			);
			sourceTree = "<group>";
		};
		272C52941B27BF72007CC3EA /* Products */ = {
			isa = PBXGroup;
			children = (
				272C52931B27BF72007CC3EA /* Poppin Bottles */,
			);
			name = Products;
			sourceTree = "<group>";
		};
		272C52951B27BF72007CC3EA /* Poppin Bottles */ = {
			isa = PBXGroup;
			children = (
				272C52961B27BF72007CC3EA /* main.c */,
			);
			path = "Poppin Bottles";
			sourceTree = "<group>";
		};
/* End PBXGroup section */

/* Begin PBXNativeTarget section */
		272C52921B27BF72007CC3EA /* Poppin Bottles */ = {
			isa = PBXNativeTarget;
			buildConfigurationList = 272C529A1B27BF72007CC3EA /* Build configuration list for PBXNativeTarget "Poppin Bottles" */;
			buildPhases = (
				272C528F1B27BF72007CC3EA /* Sources */,
				272C52901B27BF72007CC3EA /* Frameworks */,
				272C52911B27BF72007CC3EA /* CopyFiles */,
			);
			buildRules = (
			);
			dependencies = (
			);
			name = "Poppin Bottles";
			productName = "Poppin Bottles";
			productReference = 272C52931B27BF72007CC3EA /* Poppin Bottles */;
			productType = "com.apple.product-type.tool";
		};
/* End PBXNativeTarget section */

/* Begin PBXProject section */
		272C528B1B27BF72007CC3EA /* Project object */ = {
			isa = PBXProject;
			attributes = {
				LastUpgradeCheck = 0630;
				ORGANIZATIONNAME = "Josh Endter";
				TargetAttributes = {
					272C52921B27BF72007CC3EA = {
						CreatedOnToolsVersion = 6.3;
					};
				};
			};
			buildConfigurationList = 272C528E1B27BF72007CC3EA /* Build configuration list for PBXProject "Poppin Bottles" */;
			compatibilityVersion = "Xcode 3.2";
			developmentRegion = English;
			hasScannedForEncodings = 0;
			knownRegions = (
				en,
			);
			mainGroup = 272C528A1B27BF72007CC3EA;
			productRefGroup = 272C52941B27BF72007CC3EA /* Products */;
			projectDirPath = "";
			projectRoot = "";
			targets = (
				272C52921B27BF72007CC3EA /* Poppin Bottles */,
			);
		};
/* End PBXProject section */

/* Begin PBXSourcesBuildPhase section */
		272C528F1B27BF72007CC3EA /* Sources */ = {
			isa = PBXSourcesBuildPhase;
			buildActionMask = 2147483647;
			files = (
				272C52971B27BF72007CC3EA /* main.c in Sources */,
			);
			runOnlyForDeploymentPostprocessing = 0;
		};
/* End PBXSourcesBuildPhase section */

/* Begin XCBuildConfiguration section */
		272C52981B27BF72007CC3EA /* Debug */ = {
			isa = XCBuildConfiguration;
			buildSettings = {
				ALWAYS_SEARCH_USER_PATHS = NO;
				CLANG_CXX_LANGUAGE_STANDARD = "gnu++0x";
				CLANG_CXX_LIBRARY = "libc++";
				CLANG_ENABLE_MODULES = YES;
				CLANG_ENABLE_OBJC_ARC = YES;
				CLANG_WARN_BOOL_CONVERSION = YES;
				CLANG_WARN_CONSTANT_CONVERSION = YES;
				CLANG_WARN_DIRECT_OBJC_ISA_USAGE = YES_ERROR;
				CLANG_WARN_EMPTY_BODY = YES;
				CLANG_WARN_ENUM_CONVERSION = YES;
				CLANG_WARN_INT_CONVERSION = YES;
				CLANG_WARN_OBJC_ROOT_CLASS = YES_ERROR;
				CLANG_WARN_UNREACHABLE_CODE = YES;
				CLANG_WARN__DUPLICATE_METHOD_MATCH = YES;
				COPY_PHASE_STRIP = NO;
				DEBUG_INFORMATION_FORMAT = dwarf;
				ENABLE_STRICT_OBJC_MSGSEND = YES;
				GCC_C_LANGUAGE_STANDARD = gnu99;
				GCC_DYNAMIC_NO_PIC = NO;
				GCC_NO_COMMON_BLOCKS = YES;
				GCC_OPTIMIZATION_LEVEL = 0;
				GCC_PREPROCESSOR_DEFINITIONS = (
					"DEBUG=1",
					"$(inherited)",
				);
				GCC_SYMBOLS_PRIVATE_EXTERN = NO;
				GCC_WARN_64_TO_32_BIT_CONVERSION = YES;
				GCC_WARN_ABOUT_RETURN_TYPE = YES_ERROR;
				GCC_WARN_UNDECLARED_SELECTOR = YES;
				GCC_WARN_UNINITIALIZED_AUTOS = YES_AGGRESSIVE;
				GCC_WARN_UNUSED_FUNCTION = YES;
				GCC_WARN_UNUSED_VARIABLE = YES;
				MACOSX_DEPLOYMENT_TARGET = 10.10;
				MTL_ENABLE_DEBUG_INFO = YES;
				ONLY_ACTIVE_ARCH = YES;
				SDKROOT = macosx;
			};
			name = Debug;
		};
		272C52991B27BF72007CC3EA /* Release */ = {
			isa = XCBuildConfiguration;
			buildSettings = {
				ALWAYS_SEARCH_USER_PATHS = NO;
				CLANG_CXX_LANGUAGE_STANDARD = "gnu++0x";
				CLANG_CXX_LIBRARY = "libc++";
				CLANG_ENABLE_MODULES = YES;
				CLANG_ENABLE_OBJC_ARC = YES;
				CLANG_WARN_BOOL_CONVERSION = YES;
				CLANG_WARN_CONSTANT_CONVERSION = YES;
				CLANG_WARN_DIRECT_OBJC_ISA_USAGE = YES_ERROR;
				CLANG_WARN_EMPTY_BODY = YES;
				CLANG_WARN_ENUM_CONVERSION = YES;
				CLANG_WARN_INT_CONVERSION = YES;
				CLANG_WARN_OBJC_ROOT_CLASS = YES_ERROR;
				CLANG_WARN_UNREACHABLE_CODE = YES;
				CLANG_WARN__DUPLICATE_METHOD_MATCH = YES;
				COPY_PHASE_STRIP = NO;
				DEBUG_INFORMATION_FORMAT = "dwarf-with-dsym";
				ENABLE_NS_ASSERTIONS = NO;
				ENABLE_STRICT_OBJC_MSGSEND = YES;
				GCC_C_LANGUAGE_STANDARD = gnu99;
				GCC_NO_COMMON_BLOCKS = YES;
				GCC_WARN_64_TO_32_BIT_CONVERSION = YES;
				GCC_WARN_ABOUT_RETURN_TYPE = YES_ERROR;
				GCC_WARN_UNDECLARED_SELECTOR = YES;
				GCC_WARN_UNINITIALIZED_AUTOS = YES_AGGRESSIVE;
				GCC_WARN_UNUSED_FUNCTION = YES;
				GCC_WARN_UNUSED_VARIABLE = YES;
				MACOSX_DEPLOYMENT_TARGET = 10.10;
				MTL_ENABLE_DEBUG_INFO = NO;
				SDKROOT = macosx;
			};
			name = Release;
		};
		272C529B1B27BF72007CC3EA /* Debug */ = {
			isa = XCBuildConfiguration;
			buildSettings = {
				PRODUCT_NAME = "$(TARGET_NAME)";
			};
			name = Debug;
		};
		272C529C1B27BF72007CC3EA /* Release */ = {
			isa = XCBuildConfiguration;
			buildSettings = {
				PRODUCT_NAME = "$(TARGET_NAME)";
			};
			name = Release;
		};
/* End XCBuildConfiguration section */

/* Begin XCConfigurationList section */
		272C528E1B27BF72007CC3EA /* Build configuration list for PBXProject "Poppin Bottles" */ = {
			isa = XCConfigurationList;
			buildConfigurations = (
				272C52981B27BF72007CC3EA /* Debug */,
				272C52991B27BF72007CC3EA /* Release */,
			);
			defaultConfigurationIsVisible = 0;
			defaultConfigurationName = Release;
		};
		272C529A1B27BF72007CC3EA /* Build configuration list for PBXNativeTarget "Poppin Bottles" */ = {
			isa = XCConfigurationList;
			buildConfigurations = (
				272C529B1B27BF72007CC3EA /* Debug */,
				272C529C1B27BF72007CC3EA /* Release */,
			);
			defaultConfigurationIsVisible = 0;
		};
/* End XCConfigurationList section */
	};
	rootObject = 272C528B1B27BF72007CC3EA /* Project object */;
}
